
Microsoft Visual Studio Solution File, Format Version 11.00
# Visual Studio 2010
Project("{FAE04EC0-301F-11D3-BF4B-00C04F79EFBC}") = "TaxCalculator", "TaxCalculator\TaxCalculator.csproj", "{A676AC44-47A6-4286-94F6-3068D0DFA270}"
EndProject
Project("{FAE04EC0-301F-11D3-BF4B-00C04F79EFBC}") = "TaxCalculator.Data", "TaxCalculator.Data\TaxCalculator.Data.csproj", "{8CF1BE47-3753-48A0-AC4C-4C28874E1B6D}"
EndProject
Project("{FAE04EC0-301F-11D3-BF4B-00C04F79EFBC}") = "TaxCalculator.Data.Model", "TaxCalculator.Data.Model\TaxCalculator.Data.Model.csproj", "{157172DA-B946-4ED1-821A-D9AF140E9D8E}"
EndProject
Project("{FAE04EC0-301F-11D3-BF4B-00C04F79EFBC}") = "TaxCalculator.ViewModel", "TaxCalculator.ViewModel\TaxCalculator.ViewModel.csproj", "{7E2CC5BD-D919-4F44-BEDC-857530721B2A}"
EndProject
Project("{FAE04EC0-301F-11D3-BF4B-00C04F79EFBC}") = "TaxCalculator.Controls", "TaxCalculator.Controls\TaxCalculator.Controls.csproj", "{B0A02AD5-6832-42CE-A5AE-6B1172D3BB02}"
EndProject
Project("{FAE04EC0-301F-11D3-BF4B-00C04F79EFBC}") = "TaxCalculator.Common", "TaxCalculator.Common\TaxCalculator.Common.csproj", "{D45D4BA8-A500-442D-8EBC-151C62296804}"
EndProject
Project("{FAE04EC0-301F-11D3-BF4B-00C04F79EFBC}") = "TaxCalculator.Tests", "TaxCalculator.Tests\TaxCalculator.Tests.csproj", "{3F1E13AA-4AB1-4FBF-BFA9-62B601B6D9A4}"
EndProject
Project("{2150E333-8FDC-42A3-9474-1A3956D46DE8}") = "Solution Items", "Solution Items", "{4BC458CD-7DC6-4073-87E1-3E97B7F71A08}"
	ProjectSection(SolutionItems) = preProject
		Local.testsettings = Local.testsettings
		TaxCalculator.vsmdi = TaxCalculator.vsmdi
		TraceAndTestImpact.testsettings = TraceAndTestImpact.testsettings
	EndProjectSection
EndProject
Project("{2150E333-8FDC-42A3-9474-1A3956D46DE8}") = "Tests", "Tests", "{2E501362-227D-45A6-9441-621EFBEACBFA}"
EndProject
Project("{54435603-DBB4-11D2-8724-00A0C9A8B90C}") = "TaxCalculator.Setup", "TaxCalculator.Setup\TaxCalculator.Setup.vdproj", "{1D94B551-EA3D-4F89-9D4B-D0261B580350}"
EndProject
Project("{FAE04EC0-301F-11D3-BF4B-00C04F79EFBC}") = "CashBook.SerialGenerator", "..\..\CashBook\CashBook.SerialGenerator\CashBook.SerialGenerator.csproj", "{689C07DE-B68B-4619-BC5B-1896E514C6FF}"
EndProject
Project("{2150E333-8FDC-42A3-9474-1A3956D46DE8}") = "_External", "_External", "{4B5626E2-028A-4DEC-9981-7D067E031A60}"
EndProject
Project("{FAE04EC0-301F-11D3-BF4B-00C04F79EFBC}") = "CashBook.Common", "..\..\CashBook\CashBook.Common\CashBook.Common.csproj", "{1C683AE9-2318-4693-B048-55EF3B64A37B}"
EndProject
Global
	GlobalSection(TestCaseManagementSettings) = postSolution
		CategoryFile = TaxCalculator.vsmdi
	EndGlobalSection
	GlobalSection(SolutionConfigurationPlatforms) = preSolution
		Debug|Any CPU = Debug|Any CPU
		Debug|Mixed Platforms = Debug|Mixed Platforms
		Debug|x86 = Debug|x86
		Release|Any CPU = Release|Any CPU
		Release|Mixed Platforms = Release|Mixed Platforms
		Release|x86 = Release|x86
	EndGlobalSection
	GlobalSection(ProjectConfigurationPlatforms) = postSolution
		{A676AC44-47A6-4286-94F6-3068D0DFA270}.Debug|Any CPU.ActiveCfg = Debug|x86
		{A676AC44-47A6-4286-94F6-3068D0DFA270}.Debug|Mixed Platforms.ActiveCfg = Debug|x86
		{A676AC44-47A6-4286-94F6-3068D0DFA270}.Debug|Mixed Platforms.Build.0 = Debug|x86
		{A676AC44-47A6-4286-94F6-3068D0DFA270}.Debug|x86.ActiveCfg = Debug|x86
		{A676AC44-47A6-4286-94F6-3068D0DFA270}.Debug|x86.Build.0 = Debug|x86
		{A676AC44-47A6-4286-94F6-3068D0DFA270}.Release|Any CPU.ActiveCfg = Release|x86
		{A676AC44-47A6-4286-94F6-3068D0DFA270}.Release|Mixed Platforms.ActiveCfg = Release|x86
		{A676AC44-47A6-4286-94F6-3068D0DFA270}.Release|Mixed Platforms.Build.0 = Release|x86
		{A676AC44-47A6-4286-94F6-3068D0DFA270}.Release|x86.ActiveCfg = Release|x86
		{A676AC44-47A6-4286-94F6-3068D0DFA270}.Release|x86.Build.0 = Release|x86
		{8CF1BE47-3753-48A0-AC4C-4C28874E1B6D}.Debug|Any CPU.ActiveCfg = Debug|Any CPU
		{8CF1BE47-3753-48A0-AC4C-4C28874E1B6D}.Debug|Any CPU.Build.0 = Debug|Any CPU
		{8CF1BE47-3753-48A0-AC4C-4C28874E1B6D}.Debug|Mixed Platforms.ActiveCfg = Debug|Any CPU
		{8CF1BE47-3753-48A0-AC4C-4C28874E1B6D}.Debug|Mixed Platforms.Build.0 = Debug|Any CPU
		{8CF1BE47-3753-48A0-AC4C-4C28874E1B6D}.Debug|x86.ActiveCfg = Debug|Any CPU
		{8CF1BE47-3753-48A0-AC4C-4C28874E1B6D}.Release|Any CPU.ActiveCfg = Release|Any CPU
		{8CF1BE47-3753-48A0-AC4C-4C28874E1B6D}.Release|Any CPU.Build.0 = Release|Any CPU
		{8CF1BE47-3753-48A0-AC4C-4C28874E1B6D}.Release|Mixed Platforms.ActiveCfg = Release|Any CPU
		{8CF1BE47-3753-48A0-AC4C-4C28874E1B6D}.Release|Mixed Platforms.Build.0 = Release|Any CPU
		{8CF1BE47-3753-48A0-AC4C-4C28874E1B6D}.Release|x86.ActiveCfg = Release|Any CPU
		{157172DA-B946-4ED1-821A-D9AF140E9D8E}.Debug|Any CPU.ActiveCfg = Debug|Any CPU
		{157172DA-B946-4ED1-821A-D9AF140E9D8E}.Debug|Any CPU.Build.0 = Debug|Any CPU
		{157172DA-B946-4ED1-821A-D9AF140E9D8E}.Debug|Mixed Platforms.ActiveCfg = Debug|Any CPU
		{157172DA-B946-4ED1-821A-D9AF140E9D8E}.Debug|Mixed Platforms.Build.0 = Debug|Any CPU
		{157172DA-B946-4ED1-821A-D9AF140E9D8E}.Debug|x86.ActiveCfg = Debug|Any CPU
		{157172DA-B946-4ED1-821A-D9AF140E9D8E}.Release|Any CPU.ActiveCfg = Release|Any CPU
		{157172DA-B946-4ED1-821A-D9AF140E9D8E}.Release|Any CPU.Build.0 = Release|Any CPU
		{157172DA-B946-4ED1-821A-D9AF140E9D8E}.Release|Mixed Platforms.ActiveCfg = Release|Any CPU
		{157172DA-B946-4ED1-821A-D9AF140E9D8E}.Release|Mixed Platforms.Build.0 = Release|Any CPU
		{157172DA-B946-4ED1-821A-D9AF140E9D8E}.Release|x86.ActiveCfg = Release|Any CPU
		{7E2CC5BD-D919-4F44-BEDC-857530721B2A}.Debug|Any CPU.ActiveCfg = Debug|Any CPU
		{7E2CC5BD-D919-4F44-BEDC-857530721B2A}.Debug|Any CPU.Build.0 = Debug|Any CPU
		{7E2CC5BD-D919-4F44-BEDC-857530721B2A}.Debug|Mixed Platforms.ActiveCfg = Debug|Any CPU
		{7E2CC5BD-D919-4F44-BEDC-857530721B2A}.Debug|Mixed Platforms.Build.0 = Debug|Any CPU
		{7E2CC5BD-D919-4F44-BEDC-857530721B2A}.Debug|x86.ActiveCfg = Debug|Any CPU
		{7E2CC5BD-D919-4F44-BEDC-857530721B2A}.Release|Any CPU.ActiveCfg = Release|Any CPU
		{7E2CC5BD-D919-4F44-BEDC-857530721B2A}.Release|Any CPU.Build.0 = Release|Any CPU
		{7E2CC5BD-D919-4F44-BEDC-857530721B2A}.Release|Mixed Platforms.ActiveCfg = Release|Any CPU
		{7E2CC5BD-D919-4F44-BEDC-857530721B2A}.Release|Mixed Platforms.Build.0 = Release|Any CPU
		{7E2CC5BD-D919-4F44-BEDC-857530721B2A}.Release|x86.ActiveCfg = Release|Any CPU
		{B0A02AD5-6832-42CE-A5AE-6B1172D3BB02}.Debug|Any CPU.ActiveCfg = Debug|Any CPU
		{B0A02AD5-6832-42CE-A5AE-6B1172D3BB02}.Debug|Any CPU.Build.0 = Debug|Any CPU
		{B0A02AD5-6832-42CE-A5AE-6B1172D3BB02}.Debug|Mixed Platforms.ActiveCfg = Debug|Any CPU
		{B0A02AD5-6832-42CE-A5AE-6B1172D3BB02}.Debug|Mixed Platforms.Build.0 = Debug|Any CPU
		{B0A02AD5-6832-42CE-A5AE-6B1172D3BB02}.Debug|x86.ActiveCfg = Debug|Any CPU
		{B0A02AD5-6832-42CE-A5AE-6B1172D3BB02}.Release|Any CPU.ActiveCfg = Release|Any CPU
		{B0A02AD5-6832-42CE-A5AE-6B1172D3BB02}.Release|Any CPU.Build.0 = Release|Any CPU
		{B0A02AD5-6832-42CE-A5AE-6B1172D3BB02}.Release|Mixed Platforms.ActiveCfg = Release|Any CPU
		{B0A02AD5-6832-42CE-A5AE-6B1172D3BB02}.Release|Mixed Platforms.Build.0 = Release|Any CPU
		{B0A02AD5-6832-42CE-A5AE-6B1172D3BB02}.Release|x86.ActiveCfg = Release|Any CPU
		{D45D4BA8-A500-442D-8EBC-151C62296804}.Debug|Any CPU.ActiveCfg = Debug|Any CPU
		{D45D4BA8-A500-442D-8EBC-151C62296804}.Debug|Any CPU.Build.0 = Debug|Any CPU
		{D45D4BA8-A500-442D-8EBC-151C62296804}.Debug|Mixed Platforms.ActiveCfg = Debug|Any CPU
		{D45D4BA8-A500-442D-8EBC-151C62296804}.Debug|Mixed Platforms.Build.0 = Debug|Any CPU
		{D45D4BA8-A500-442D-8EBC-151C62296804}.Debug|x86.ActiveCfg = Debug|Any CPU
		{D45D4BA8-A500-442D-8EBC-151C62296804}.Release|Any CPU.ActiveCfg = Release|Any CPU
		{D45D4BA8-A500-442D-8EBC-151C62296804}.Release|Any CPU.Build.0 = Release|Any CPU
		{D45D4BA8-A500-442D-8EBC-151C62296804}.Release|Mixed Platforms.ActiveCfg = Release|Any CPU
		{D45D4BA8-A500-442D-8EBC-151C62296804}.Release|Mixed Platforms.Build.0 = Release|Any CPU
		{D45D4BA8-A500-442D-8EBC-151C62296804}.Release|x86.ActiveCfg = Release|Any CPU
		{3F1E13AA-4AB1-4FBF-BFA9-62B601B6D9A4}.Debug|Any CPU.ActiveCfg = Debug|Any CPU
		{3F1E13AA-4AB1-4FBF-BFA9-62B601B6D9A4}.Debug|Any CPU.Build.0 = Debug|Any CPU
		{3F1E13AA-4AB1-4FBF-BFA9-62B601B6D9A4}.Debug|Mixed Platforms.ActiveCfg = Debug|Any CPU
		{3F1E13AA-4AB1-4FBF-BFA9-62B601B6D9A4}.Debug|Mixed Platforms.Build.0 = Debug|Any CPU
		{3F1E13AA-4AB1-4FBF-BFA9-62B601B6D9A4}.Debug|x86.ActiveCfg = Debug|Any CPU
		{3F1E13AA-4AB1-4FBF-BFA9-62B601B6D9A4}.Release|Any CPU.ActiveCfg = Release|Any CPU
		{3F1E13AA-4AB1-4FBF-BFA9-62B601B6D9A4}.Release|Any CPU.Build.0 = Release|Any CPU
		{3F1E13AA-4AB1-4FBF-BFA9-62B601B6D9A4}.Release|Mixed Platforms.ActiveCfg = Release|Any CPU
		{3F1E13AA-4AB1-4FBF-BFA9-62B601B6D9A4}.Release|Mixed Platforms.Build.0 = Release|Any CPU
		{3F1E13AA-4AB1-4FBF-BFA9-62B601B6D9A4}.Release|x86.ActiveCfg = Release|Any CPU
		{1D94B551-EA3D-4F89-9D4B-D0261B580350}.Debug|Any CPU.ActiveCfg = Debug
		{1D94B551-EA3D-4F89-9D4B-D0261B580350}.Debug|Mixed Platforms.ActiveCfg = Debug
		{1D94B551-EA3D-4F89-9D4B-D0261B580350}.Debug|x86.ActiveCfg = Debug
		{1D94B551-EA3D-4F89-9D4B-D0261B580350}.Release|Any CPU.ActiveCfg = Release
		{1D94B551-EA3D-4F89-9D4B-D0261B580350}.Release|Mixed Platforms.ActiveCfg = Release
		{1D94B551-EA3D-4F89-9D4B-D0261B580350}.Release|x86.ActiveCfg = Release
		{689C07DE-B68B-4619-BC5B-1896E514C6FF}.Debug|Any CPU.ActiveCfg = Debug|x86
		{689C07DE-B68B-4619-BC5B-1896E514C6FF}.Debug|Mixed Platforms.ActiveCfg = Debug|x86
		{689C07DE-B68B-4619-BC5B-1896E514C6FF}.Debug|Mixed Platforms.Build.0 = Debug|x86
		{689C07DE-B68B-4619-BC5B-1896E514C6FF}.Debug|x86.ActiveCfg = Debug|x86
		{689C07DE-B68B-4619-BC5B-1896E514C6FF}.Debug|x86.Build.0 = Debug|x86
		{689C07DE-B68B-4619-BC5B-1896E514C6FF}.Release|Any CPU.ActiveCfg = Release|x86
		{689C07DE-B68B-4619-BC5B-1896E514C6FF}.Release|Mixed Platforms.ActiveCfg = Release|x86
		{689C07DE-B68B-4619-BC5B-1896E514C6FF}.Release|Mixed Platforms.Build.0 = Release|x86
		{689C07DE-B68B-4619-BC5B-1896E514C6FF}.Release|x86.ActiveCfg = Release|x86
		{689C07DE-B68B-4619-BC5B-1896E514C6FF}.Release|x86.Build.0 = Release|x86
		{1C683AE9-2318-4693-B048-55EF3B64A37B}.Debug|Any CPU.ActiveCfg = Debug|Any CPU
		{1C683AE9-2318-4693-B048-55EF3B64A37B}.Debug|Any CPU.Build.0 = Debug|Any CPU
		{1C683AE9-2318-4693-B048-55EF3B64A37B}.Debug|Mixed Platforms.ActiveCfg = Debug|Any CPU
		{1C683AE9-2318-4693-B048-55EF3B64A37B}.Debug|Mixed Platforms.Build.0 = Debug|Any CPU
		{1C683AE9-2318-4693-B048-55EF3B64A37B}.Debug|x86.ActiveCfg = Debug|Any CPU
		{1C683AE9-2318-4693-B048-55EF3B64A37B}.Release|Any CPU.ActiveCfg = Release|Any CPU
		{1C683AE9-2318-4693-B048-55EF3B64A37B}.Release|Any CPU.Build.0 = Release|Any CPU
		{1C683AE9-2318-4693-B048-55EF3B64A37B}.Release|Mixed Platforms.ActiveCfg = Release|Any CPU
		{1C683AE9-2318-4693-B048-55EF3B64A37B}.Release|Mixed Platforms.Build.0 = Release|Any CPU
		{1C683AE9-2318-4693-B048-55EF3B64A37B}.Release|x86.ActiveCfg = Release|Any CPU
	EndGlobalSection
	GlobalSection(SolutionProperties) = preSolution
		HideSolutionNode = FALSE
	EndGlobalSection
	GlobalSection(NestedProjects) = preSolution
		{3F1E13AA-4AB1-4FBF-BFA9-62B601B6D9A4} = {2E501362-227D-45A6-9441-621EFBEACBFA}
		{1C683AE9-2318-4693-B048-55EF3B64A37B} = {4B5626E2-028A-4DEC-9981-7D067E031A60}
		{689C07DE-B68B-4619-BC5B-1896E514C6FF} = {4B5626E2-028A-4DEC-9981-7D067E031A60}
	EndGlobalSection
EndGlobal
